PODS:
  - FSAdSDK/Banner (0.4.5):
    - FSAdSDK/Core
    - FSAdSDK/DFP
    - FSCache
    - PrebidMobileFS (~> 0.6.0)
    - Protobuf
  - FSAdSDK/Common (0.4.5):
    - FSCache
    - PrebidMobileFS (~> 0.6.0)
    - Protobuf
  - FSAdSDK/Core (0.4.5):
    - FSAdSDK/Common
    - FSAdSDK/Registration
    - FSCache
    - PrebidMobileFS (~> 0.6.0)
    - Protobuf
  - FSAdSDK/DFP (0.4.5):
    - FSCache
    - PrebidMobileFS (~> 0.6.0)
    - Protobuf
  - FSAdSDK/Registration (0.4.5):
    - FSCache
    - PrebidMobileFS (~> 0.6.0)
    - Protobuf
  - FSCache (0.0.1)
  - Google-Mobile-Ads-SDK (7.41.0)
  - PrebidMobileFS (0.6.0):
    - FSCache
  - Protobuf (3.9.0)
  - SnapKit (4.2.0)

DEPENDENCIES:
  - FSAdSDK/Banner
  - Google-Mobile-Ads-SDK (from `https://github.com/freestarcapital/GMA-iOS-SDK.git`, tag `7.41.0`)
  - SnapKit

SPEC REPOS:
  https://github.com/cocoapods/specs.git:
    - FSAdSDK
    - FSCache
    - PrebidMobileFS
    - Protobuf
    - SnapKit

EXTERNAL SOURCES:
  Google-Mobile-Ads-SDK:
    :git: https://github.com/freestarcapital/GMA-iOS-SDK.git
    :tag: 7.41.0

CHECKOUT OPTIONS:
  Google-Mobile-Ads-SDK:
    :git: https://github.com/freestarcapital/GMA-iOS-SDK.git
    :tag: 7.41.0

SPEC CHECKSUMS:
  FSAdSDK: 7acb8542f8a37231d259a265b407143a5a161661
  FSCache: c6ea4c84d130a4125f95899b2ce2e0b685e44f92
  Google-Mobile-Ads-SDK: d335cdac89ba0dfc82ac6458d536e1c52a24c443
  PrebidMobileFS: e7ded8c2dfa62bbaed9239502dd2438f4ed044d9
  Protobuf: 1097ca58584c8d9be81bfbf2c5ff5975648dd87a
  SnapKit: fe8a619752f3f27075cc9a90244d75c6c3f27e2a

PODFILE CHECKSUM: 10037cf513abe559deff35e3035a645c5694a0aa

COCOAPODS: 1.6.0.rc.2
