PODS:
  - FSAdSDK/Banner (0.3.1):
    - FSAdSDK/Core
    - FSAdSDK/DFP
    - FSCache
    - Protobuf
  - FSAdSDK/Common (0.3.1):
    - FSCache
    - Protobuf
  - FSAdSDK/Core (0.3.1):
    - FSAdSDK/Common
    - FSAdSDK/Registration
    - FSCache
    - Protobuf
  - FSAdSDK/DFP (0.3.1):
    - FSCache
    - Protobuf
  - FSAdSDK/Registration (0.3.1):
    - FSCache
    - Protobuf
  - FSCache (0.0.1)
  - Google-Mobile-Ads-SDK (7.24.1)
  - PrebidMobileFS (0.5.9):
    - FSCache
  - Protobuf (3.7.0)
  - SnapKit (4.2.0)

DEPENDENCIES:
  - FSAdSDK/Banner
  - Google-Mobile-Ads-SDK (~> 7.24.1)
  - PrebidMobileFS
  - SnapKit

SPEC REPOS:
  https://github.com/cocoapods/specs.git:
    - FSAdSDK
    - FSCache
    - Google-Mobile-Ads-SDK
    - PrebidMobileFS
    - Protobuf
    - SnapKit

SPEC CHECKSUMS:
  FSAdSDK: 5cf408e471d31d9871918224d56aaa7584ccd013
  FSCache: c6ea4c84d130a4125f95899b2ce2e0b685e44f92
  Google-Mobile-Ads-SDK: ed8004a7265b424568dc84f3d2bbe3ea3fff958f
  PrebidMobileFS: 400e3018de156bbd0e489e2917a7447ace20aa8c
  Protobuf: 7a877b7f3e5964e3fce995e2eb323dbc6831bb5a
  SnapKit: fe8a619752f3f27075cc9a90244d75c6c3f27e2a

PODFILE CHECKSUM: 5628fbc3f96db802d3d98424d0a0e63bb34c835a

COCOAPODS: 1.6.0.rc.2
